
Microsoft Visual Studio Solution File, Format Version 12.00
# Visual Studio Version 17
VisualStudioVersion = 17.5.33424.131
MinimumVisualStudioVersion = 10.0.40219.1
Project("{FAE04EC0-301F-11D3-BF4B-00C04F79EFBC}") = "TechTastQAAutomationBootcam", "TechTastQAAutomationBootcam\TechTastQAAutomationBootcam.csproj", "{25C111A2-CCEF-4436-A521-C2EBC13B3723}"
EndProject
Global
	GlobalSection(SolutionConfigurationPlatforms) = preSolution
		Debug|Any CPU = Debug|Any CPU
		Release|Any CPU = Release|Any CPU
	EndGlobalSection
	GlobalSection(ProjectConfigurationPlatforms) = postSolution
		{25C111A2-CCEF-4436-A521-C2EBC13B3723}.Debug|Any CPU.ActiveCfg = Debug|Any CPU
		{25C111A2-CCEF-4436-A521-C2EBC13B3723}.Debug|Any CPU.Build.0 = Debug|Any CPU
		{25C111A2-CCEF-4436-A521-C2EBC13B3723}.Release|Any CPU.ActiveCfg = Release|Any CPU
		{25C111A2-CCEF-4436-A521-C2EBC13B3723}.Release|Any CPU.Build.0 = Release|Any CPU
	EndGlobalSection
	GlobalSection(SolutionProperties) = preSolution
		HideSolutionNode = FALSE
	EndGlobalSection
	GlobalSection(ExtensibilityGlobals) = postSolution
		SolutionGuid = {E0D18F67-E548-4511-812E-8DB0B9B33CC5}
	EndGlobalSection
EndGlobal
